{
  "name": "quickpopup",
  "version": "1.0.0",
  "lockfileVersion": 1,
  "requires": true,
  "dependencies": {
    "@danielkalen/is": {
      "version": "2.0.0",
      "resolved": "https://registry.npmjs.org/@danielkalen/is/-/is-2.0.0.tgz",
      "integrity": "sha512-7+3ApODwZx7O82b0RFjzvfCSGpe8CEokrc4vLlGeCSerzZVwokosQyhX7PeVv9oONEWkzRR/hBlCDMYUilR/rQ=="
    },
    "@danielkalen/source-map-support": {
      "version": "0.4.16",
      "resolved": "https://registry.npmjs.org/@danielkalen/source-map-support/-/source-map-support-0.4.16.tgz",
      "integrity": "sha512-1lc1ptKNT+f6eS9FA7sJPAeqjM00xfwcEU6fBjVa6VLPI0pjGJHRoxBuA2ghQ16TyjilDnCxZb6dQl+WW54CKg==",
      "dev": true,
      "requires": {
        "source-map": "0.5.6"
      }
    },
    "acorn": {
      "version": "5.1.1",
      "resolved": "https://registry.npmjs.org/acorn/-/acorn-5.1.1.tgz",
      "integrity": "sha512-vOk6uEMctu0vQrvuSqFdJyqj1Q0S5VTDL79qtjo+DhRr+1mmaD+tluFSCZqhvi/JUhXSzoZN2BhtstaPEeE8cw=="
    },
    "ansi-styles": {
      "version": "3.1.0",
      "resolved": "https://registry.npmjs.org/ansi-styles/-/ansi-styles-3.1.0.tgz",
      "integrity": "sha1-CcIC1ckX7CMYjKpcnLkXnNlUd1A=",
      "dev": true,
      "requires": {
        "color-convert": "1.9.0"
      }
    },
    "balanced-match": {
      "version": "1.0.0",
      "resolved": "https://registry.npmjs.org/balanced-match/-/balanced-match-1.0.0.tgz",
      "integrity": "sha1-ibTRmasr7kneFk6gK4nORi1xt2c=",
      "dev": true
    },
    "bluebird": {
      "version": "3.5.0",
      "resolved": "https://registry.npmjs.org/bluebird/-/bluebird-3.5.0.tgz",
      "integrity": "sha1-eRQg1/VR7qKJdFOop3ZT+WYG1nw=",
      "dev": true
    },
    "brace-expansion": {
      "version": "1.1.8",
      "resolved": "https://registry.npmjs.org/brace-expansion/-/brace-expansion-1.1.8.tgz",
      "integrity": "sha1-wHshHHyVLsH479Uad+8NHTmQopI=",
      "dev": true,
      "requires": {
        "balanced-match": "1.0.0",
        "concat-map": "0.0.1"
      }
    },
    "chalk": {
      "version": "2.0.1",
      "resolved": "https://registry.npmjs.org/chalk/-/chalk-2.0.1.tgz",
      "integrity": "sha512-Mp+FXEI+FrwY/XYV45b2YD3E8i3HwnEAoFcM0qlZzq/RZ9RwWitt2Y/c7cqRAz70U7hfekqx6qNYthuKFO6K0g==",
      "dev": true,
      "requires": {
        "ansi-styles": "3.1.0",
        "escape-string-regexp": "1.0.5",
        "supports-color": "4.2.0"
      }
    },
    "charenc": {
      "version": "0.0.2",
      "resolved": "https://registry.npmjs.org/charenc/-/charenc-0.0.2.tgz",
      "integrity": "sha1-wKHS86cJLgN3S/qD8UwPxXkKhmc=",
      "dev": true
    },
    "coffee-script": {
      "version": "1.12.6",
      "resolved": "https://registry.npmjs.org/coffee-script/-/coffee-script-1.12.6.tgz",
      "integrity": "sha1-KFo/cRVokGUGTWv570Vy22ZpXL8=",
      "dev": true
    },
    "color-convert": {
      "version": "1.9.0",
      "resolved": "https://registry.npmjs.org/color-convert/-/color-convert-1.9.0.tgz",
      "integrity": "sha1-Gsz5fdc5uYO/mU1W/sj5WFNkG3o=",
      "dev": true,
      "requires": {
        "color-name": "1.1.2"
      }
    },
    "color-name": {
      "version": "1.1.2",
      "resolved": "https://registry.npmjs.org/color-name/-/color-name-1.1.2.tgz",
      "integrity": "sha1-XIq3K2S9IhXWF66VWeuxSEdc+Y0=",
      "dev": true
    },
    "concat-map": {
      "version": "0.0.1",
      "resolved": "https://registry.npmjs.org/concat-map/-/concat-map-0.0.1.tgz",
      "integrity": "sha1-2Klr13/Wjfd5OnMDajug1UBdR3s=",
      "dev": true
    },
    "cross-spawn": {
      "version": "5.1.0",
      "resolved": "https://registry.npmjs.org/cross-spawn/-/cross-spawn-5.1.0.tgz",
      "integrity": "sha1-6L0O/uWPz/b4+UUQoKVUu/ojVEk=",
      "dev": true,
      "requires": {
        "lru-cache": "4.1.1",
        "shebang-command": "1.2.0",
        "which": "1.2.14"
      }
    },
    "crypt": {
      "version": "0.0.2",
      "resolved": "https://registry.npmjs.org/crypt/-/crypt-0.0.2.tgz",
      "integrity": "sha1-iNf/fsDfuG9xPch7u0LQRNPmxBs=",
      "dev": true
    },
    "detect-animation-end-helper": {
      "version": "0.1.0",
      "resolved": "https://registry.npmjs.org/detect-animation-end-helper/-/detect-animation-end-helper-0.1.0.tgz",
      "integrity": "sha1-peJFbnNo2rHzru/Tu5MwhM71zgs="
    },
    "escape-string-regexp": {
      "version": "1.0.5",
      "resolved": "https://registry.npmjs.org/escape-string-regexp/-/escape-string-regexp-1.0.5.tgz",
      "integrity": "sha1-G2HAViGQqN/2rjuyzwIAyhMLhtQ=",
      "dev": true
    },
    "event-lite": {
      "version": "0.1.1",
      "resolved": "https://registry.npmjs.org/event-lite/-/event-lite-0.1.1.tgz",
      "integrity": "sha1-R88IqNN9C2lM23s7F7UfqsZXYIY="
    },
    "falafel": {
      "version": "2.1.0",
      "resolved": "https://registry.npmjs.org/falafel/-/falafel-2.1.0.tgz",
      "integrity": "sha1-lrsXdh2rqU9G0AFzizzt86Z/4Gw=",
      "requires": {
        "acorn": "5.1.1",
        "foreach": "2.0.5",
        "isarray": "0.0.1",
        "object-keys": "1.0.11"
      },
      "dependencies": {
        "isarray": {
          "version": "0.0.1",
          "resolved": "https://registry.npmjs.org/isarray/-/isarray-0.0.1.tgz",
          "integrity": "sha1-ihis/Kmo9Bd+Cav8YDiTmwXR7t8="
        }
      }
    },
    "fast-memoize": {
      "version": "2.2.8",
      "resolved": "https://registry.npmjs.org/fast-memoize/-/fast-memoize-2.2.8.tgz",
      "integrity": "sha512-3ppTC3fZ9Vwtjslx8DkhSIbI9PH1nM4pobuTHQINOxTxchG8n3SDGZ8L6jbatGJCGLKR+gbkNWKFN4E1iUROSA==",
      "dev": true
    },
    "foreach": {
      "version": "2.0.5",
      "resolved": "https://registry.npmjs.org/foreach/-/foreach-2.0.5.tgz",
      "integrity": "sha1-C+4AUBiusmDQo6865ljdATbsG5k="
    },
    "fs-jetpack": {
      "version": "0.13.3",
      "resolved": "https://registry.npmjs.org/fs-jetpack/-/fs-jetpack-0.13.3.tgz",
      "integrity": "sha1-nmxHEY8Ls9iAzIj5+KfSWGP0+xU=",
      "dev": true,
      "requires": {
        "minimatch": "3.0.4"
      }
    },
    "get-stream": {
      "version": "3.0.0",
      "resolved": "https://registry.npmjs.org/get-stream/-/get-stream-3.0.0.tgz",
      "integrity": "sha1-jpQ9E1jcN1VQVOy+LtsFqhdO3hQ=",
      "dev": true
    },
    "has-flag": {
      "version": "2.0.0",
      "resolved": "https://registry.npmjs.org/has-flag/-/has-flag-2.0.0.tgz",
      "integrity": "sha1-6CB68cx7MNRGzHC3NLXovhj4jVE=",
      "dev": true
    },
    "is-buffer": {
      "version": "1.1.5",
      "resolved": "https://registry.npmjs.org/is-buffer/-/is-buffer-1.1.5.tgz",
      "integrity": "sha1-Hzsm72E7IUuIy8ojzGwB2Hlh7sw=",
      "dev": true
    },
    "is-stream": {
      "version": "1.1.0",
      "resolved": "https://registry.npmjs.org/is-stream/-/is-stream-1.1.0.tgz",
      "integrity": "sha1-EtSj3U5o4Lec6428hBc66A2RykQ=",
      "dev": true
    },
    "isexe": {
      "version": "2.0.0",
      "resolved": "https://registry.npmjs.org/isexe/-/isexe-2.0.0.tgz",
      "integrity": "sha1-6PvzdNxVb/iUehDcsFctYz8s+hA=",
      "dev": true
    },
    "lru-cache": {
      "version": "4.1.1",
      "resolved": "https://registry.npmjs.org/lru-cache/-/lru-cache-4.1.1.tgz",
      "integrity": "sha512-q4spe4KTfsAS1SUHLO0wz8Qiyf1+vMIAgpRYioFYDMNqKfHQbg+AVDH3i4fvpl71/P1L0dBl+fQi+P37UYf0ew==",
      "dev": true,
      "requires": {
        "pseudomap": "1.0.2",
        "yallist": "2.1.2"
      }
    },
    "md5": {
      "version": "2.2.1",
      "resolved": "https://registry.npmjs.org/md5/-/md5-2.2.1.tgz",
      "integrity": "sha1-U6s41f48iJG6RlMp6iP6wFQBJvk=",
      "dev": true,
      "requires": {
        "charenc": "0.0.2",
        "crypt": "0.0.2",
        "is-buffer": "1.1.5"
      }
    },
    "minimatch": {
      "version": "3.0.4",
      "resolved": "https://registry.npmjs.org/minimatch/-/minimatch-3.0.4.tgz",
      "integrity": "sha512-yJHVQEhyqPLUTgt9B83PXu6W3rx4MvvHvSUvToogpwoGDOUQ+yDrR0HRot+yOCdCO7u4hX3pWft6kWBBcqh0UA==",
      "dev": true,
      "requires": {
        "brace-expansion": "1.1.8"
      }
    },
    "npm-run-path": {
      "version": "2.0.2",
      "resolved": "https://registry.npmjs.org/npm-run-path/-/npm-run-path-2.0.2.tgz",
      "integrity": "sha1-NakjLfo11wZ7TLLd8jV7GHFTbF8=",
      "dev": true,
      "requires": {
        "path-key": "2.0.1"
      }
    },
    "object-keys": {
      "version": "1.0.11",
      "resolved": "https://registry.npmjs.org/object-keys/-/object-keys-1.0.11.tgz",
      "integrity": "sha1-xUYBd4rVYPEULODgG8yotW0TQm0="
    },
    "p-finally": {
      "version": "1.0.0",
      "resolved": "https://registry.npmjs.org/p-finally/-/p-finally-1.0.0.tgz",
      "integrity": "sha1-P7z7FbiZpEEjs0ttzBi3JDNqLK4=",
      "dev": true
    },
    "package-install": {
      "version": "1.0.0",
      "resolved": "https://registry.npmjs.org/package-install/-/package-install-1.0.0.tgz",
      "integrity": "sha512-L6atGjJOPEedmoNL2KZK+Vx2/F3oUQ+TMitS3DBBRfXgXIlEbaddkm1KToBgUZWWfAYXxaiQHgVpDOmN3/rrMg==",
      "dev": true,
      "requires": {
        "bluebird": "3.5.0",
        "chalk": "2.1.0",
        "coffee-register": "0.1.2",
        "coffee-script": "1.12.7",
        "execa": "0.8.0",
        "fast-memoize": "2.2.8",
        "fs-jetpack": "1.2.0",
        "promise-break": "0.1.2",
        "semver": "5.4.1"
      },
      "dependencies": {
        "chalk": {
          "version": "2.1.0",
          "resolved": "https://registry.npmjs.org/chalk/-/chalk-2.1.0.tgz",
          "integrity": "sha512-LUHGS/dge4ujbXMJrnihYMcL4AoOweGnw9Tp3kQuqy1Kx5c1qKjqvMJZ6nVJPMWJtKCTN72ZogH3oeSO9g9rXQ==",
          "dev": true,
          "requires": {
            "ansi-styles": "3.1.0",
            "escape-string-regexp": "1.0.5",
            "supports-color": "4.2.0"
          }
        },
        "coffee-register": {
          "version": "0.1.2",
          "resolved": "https://registry.npmjs.org/coffee-register/-/coffee-register-0.1.2.tgz",
          "integrity": "sha512-Orq2ehC280ZA1UL7cvRxn5WVSzKcDftTLKcU4SZ+p3WBJ1Rfxrd15pfMYqQbkXYE3WKG2Sb+aXrS8OaZSTtgxA==",
          "dev": true,
          "requires": {
            "@danielkalen/source-map-support": "0.4.16",
            "coffee-script": "1.12.7",
            "fs-jetpack": "0.13.3",
            "md5": "2.2.1"
          },
          "dependencies": {
            "fs-jetpack": {
              "version": "0.13.3",
              "resolved": "https://registry.npmjs.org/fs-jetpack/-/fs-jetpack-0.13.3.tgz",
              "integrity": "sha1-nmxHEY8Ls9iAzIj5+KfSWGP0+xU=",
              "dev": true,
              "requires": {
                "minimatch": "3.0.4"
              }
            }
          }
        },
        "coffee-script": {
          "version": "1.12.7",
          "resolved": "https://registry.npmjs.org/coffee-script/-/coffee-script-1.12.7.tgz",
          "integrity": "sha512-fLeEhqwymYat/MpTPUjSKHVYYl0ec2mOyALEMLmzr5i1isuG+6jfI2j2d5oBO3VIzgUXgBVIcOT9uH1TFxBckw==",
          "dev": true
        },
        "execa": {
          "version": "0.8.0",
          "resolved": "https://registry.npmjs.org/execa/-/execa-0.8.0.tgz",
          "integrity": "sha1-2NdrvBtVIX7RkP1t1J08d07PyNo=",
          "dev": true,
          "requires": {
            "cross-spawn": "5.1.0",
            "get-stream": "3.0.0",
            "is-stream": "1.1.0",
            "npm-run-path": "2.0.2",
            "p-finally": "1.0.0",
            "signal-exit": "3.0.2",
            "strip-eof": "1.0.0"
          }
        },
        "fs-jetpack": {
          "version": "1.2.0",
          "resolved": "https://registry.npmjs.org/fs-jetpack/-/fs-jetpack-1.2.0.tgz",
          "integrity": "sha512-wEncEDStClGlHrQvqClINppjLdjQMcy3UFhu4DKrbTCIQHmiC+7r3nNvnc+3aiHxHaPfWXdA8UdCHNHGLJKciA==",
          "dev": true,
          "requires": {
            "minimatch": "3.0.4"
          }
        },
        "promise-break": {
          "version": "0.1.2",
          "resolved": "https://registry.npmjs.org/promise-break/-/promise-break-0.1.2.tgz",
          "integrity": "sha512-h/4Wq3Eesd7nwOJTLmWIVHrfZzhYZBs9+pnDD9xXXczIo+2QVexwssqXu8k6Htvr/ynOI9rberY5eKIaDoqrYQ==",
          "dev": true
        },
        "semver": {
          "version": "5.4.1",
          "resolved": "https://registry.npmjs.org/semver/-/semver-5.4.1.tgz",
          "integrity": "sha512-WfG/X9+oATh81XtllIo/I8gOiY9EXRdv1cQdyykeXK17YcUW3EXUAi2To4pcH6nZtJPr7ZOpM5OMyWJZm+8Rsg==",
          "dev": true
        }
      }
    },
    "path-key": {
      "version": "2.0.1",
      "resolved": "https://registry.npmjs.org/path-key/-/path-key-2.0.1.tgz",
      "integrity": "sha1-QRyttXTFoUDTpLGRDUDYDMn0C0A=",
      "dev": true
    },
    "pseudomap": {
      "version": "1.0.2",
      "resolved": "https://registry.npmjs.org/pseudomap/-/pseudomap-1.0.2.tgz",
      "integrity": "sha1-8FKijacOYYkX7wqKw0wa5aaChrM=",
      "dev": true
    },
    "quickcss": {
      "version": "1.0.6",
      "resolved": "https://registry.npmjs.org/quickcss/-/quickcss-1.0.6.tgz",
      "integrity": "sha512-A5SNYjY26AHr+AxXgwydBqHih+zEaWa0GYQz3uGIHVFRAUg+b/uMhhsu6pTiIcfKUQYiWBnlKIBf9brVBaOrUQ=="
    },
    "quickdom": {
      "version": "1.0.50",
      "resolved": "https://registry.npmjs.org/quickdom/-/quickdom-1.0.50.tgz",
      "integrity": "sha512-RUkGF7NddyIo4CfkdBOS9UVs4hLOVFW624Fw/7xsA5ILHHz+8ReUSTtgYuVdpzTCLyU6plSyORwU4JdkbWs19A==",
      "requires": {
        "@danielkalen/is": "2.0.0",
        "quickcss": "1.0.6",
        "smart-extend": "1.7.2"
      }
    },
    "shebang-command": {
      "version": "1.2.0",
      "resolved": "https://registry.npmjs.org/shebang-command/-/shebang-command-1.2.0.tgz",
      "integrity": "sha1-RKrGW2lbAzmJaMOfNj/uXer98eo=",
      "dev": true,
      "requires": {
        "shebang-regex": "1.0.0"
      }
    },
    "shebang-regex": {
      "version": "1.0.0",
      "resolved": "https://registry.npmjs.org/shebang-regex/-/shebang-regex-1.0.0.tgz",
      "integrity": "sha1-2kL0l0DAtC2yypcoVxyxkMmO/qM=",
      "dev": true
    },
    "signal-exit": {
      "version": "3.0.2",
      "resolved": "https://registry.npmjs.org/signal-exit/-/signal-exit-3.0.2.tgz",
      "integrity": "sha1-tf3AjxKH6hF4Yo5BXiUTK3NkbG0=",
      "dev": true
    },
    "smart-extend": {
      "version": "1.7.2",
      "resolved": "https://registry.npmjs.org/smart-extend/-/smart-extend-1.7.2.tgz",
      "integrity": "sha512-dk67w0vQjxRPy9D/t+CgBslg4IoRTf8ejUKvOfHS97ffoz9M10wKI8TWo7BTy1VYjrKN18/4LjDdHBMQADdjlQ==",
      "requires": {
        "falafel": "2.1.0"
      }
    },
    "source-map": {
      "version": "0.5.6",
      "resolved": "https://registry.npmjs.org/source-map/-/source-map-0.5.6.tgz",
      "integrity": "sha1-dc449SvwczxafwwRjYEzSiu19BI=",
      "dev": true
    },
    "strip-eof": {
      "version": "1.0.0",
      "resolved": "https://registry.npmjs.org/strip-eof/-/strip-eof-1.0.0.tgz",
      "integrity": "sha1-u0P/VZim6wXYm1n80SnJgzE2Br8=",
      "dev": true
    },
    "supports-color": {
      "version": "4.2.0",
      "resolved": "https://registry.npmjs.org/supports-color/-/supports-color-4.2.0.tgz",
      "integrity": "sha512-Ts0Mu/A1S1aZxEJNG88I4Oc9rcZSBFNac5e27yh4j2mqbhZSSzR1Ah79EYwSn9Zuh7lrlGD2cVGzw1RKGzyLSg==",
      "dev": true,
      "requires": {
        "has-flag": "2.0.0"
      }
    },
    "which": {
      "version": "1.2.14",
      "resolved": "https://registry.npmjs.org/which/-/which-1.2.14.tgz",
      "integrity": "sha1-mofEN48D6CfOyvGs31bHNsAcFOU=",
      "dev": true,
      "requires": {
        "isexe": "2.0.0"
      }
    },
    "yallist": {
      "version": "2.1.2",
      "resolved": "https://registry.npmjs.org/yallist/-/yallist-2.1.2.tgz",
      "integrity": "sha1-HBH5IY8HYImkfdUS+TxmmaaoHVI=",
      "dev": true
    }
  }
}
